
Microsoft Visual Studio Solution File, Format Version 12.00
# Visual Studio Version 16
VisualStudioVersion = 16.0.28729.10
MinimumVisualStudioVersion = 10.0.40219.1
Project("{2150E333-8FDC-42A3-9474-1A3956D46DE8}") = "Customers", "Customers", "{4A724186-224D-4E05-91FF-86AABC2E4450}"
EndProject
Project("{9A19103F-16F7-4668-BE54-9A1E7A4F7556}") = "Alten.Customers.Tests", "Alten.Customers.Tests\Alten.Customers.Tests.csproj", "{E76D39F2-4C50-444C-B09A-A8B073C0EFE7}"
EndProject
Project("{2150E333-8FDC-42A3-9474-1A3956D46DE8}") = "Vehicles", "Vehicles", "{A7EEAA42-41E4-44FA-8B39-DA036B77ECE0}"
EndProject
Project("{9A19103F-16F7-4668-BE54-9A1E7A4F7556}") = "Alten.Customers.Infra.Data", "Alten.Customers.Infra.Data\Alten.Customers.Infra.Data.csproj", "{77D9B361-486D-4458-9E30-984B3D880571}"
EndProject
Project("{9A19103F-16F7-4668-BE54-9A1E7A4F7556}") = "Alten.Customers.Domain", "Alten.Customers.Domain\Alten.Customers.Domain.csproj", "{27D9BEF9-5340-41BC-8CD8-5DEDABC441C3}"
EndProject
Project("{9A19103F-16F7-4668-BE54-9A1E7A4F7556}") = "Alten.Customers", "Alten.Customers\Alten.Customers.csproj", "{D8235D5D-0E9D-4CFD-9837-CF6028B15334}"
EndProject
Project("{9A19103F-16F7-4668-BE54-9A1E7A4F7556}") = "Alten.Vehicles.Domain", "Alten.Vehicles.Domain\Alten.Vehicles.Domain.csproj", "{033B6DDD-623C-4E31-A69D-D60621552DF3}"
EndProject
Project("{9A19103F-16F7-4668-BE54-9A1E7A4F7556}") = "Alten.Vehicles.Infra.Data", "Alten.Vehicles.Infra.Data\Alten.Vehicles.Infra.Data.csproj", "{68CD8645-BB09-45BC-B29C-C5F22F97744B}"
EndProject
Project("{9A19103F-16F7-4668-BE54-9A1E7A4F7556}") = "Alten.Vehicles", "Alten.Vehicles\Alten.Vehicles.csproj", "{F658E017-1038-4375-8B44-573D3F0D9CA7}"
EndProject
Project("{9A19103F-16F7-4668-BE54-9A1E7A4F7556}") = "Alten.Vehicles.Tests", "Alten.Vehicles.Tests\Alten.Vehicles.Tests.csproj", "{546E18D9-396E-48C6-9B3B-055CADA4B966}"
EndProject
Project("{2150E333-8FDC-42A3-9474-1A3956D46DE8}") = "Portal", "Portal", "{77ECE1E3-B2EC-4ED2-8914-59E3ECA0050F}"
EndProject
Project("{9A19103F-16F7-4668-BE54-9A1E7A4F7556}") = "Alten.Portal", "Alten.Portal\Alten.Portal.csproj", "{10799CFC-8A10-491F-A964-51D4A9B0C920}"
EndProject
Project("{2150E333-8FDC-42A3-9474-1A3956D46DE8}") = "Simulation", "Simulation", "{F7EA4F53-CDA1-44C3-A16C-8149CBCABF93}"
EndProject
Project("{151D2E53-A2C4-4D7D-83FE-D05416EBD58E}") = "Alten.Vehicles.Deploy", "Alten.Vehicles.Deploy\Alten.Vehicles.Deploy.deployproj", "{6CA9BB11-0E78-4C1C-8DE7-AFA58329DD75}"
EndProject
Project("{151D2E53-A2C4-4D7D-83FE-D05416EBD58E}") = "Alten.Portal.Deploy", "Alten.Portal.Deploy\Alten.Portal.Deploy.deployproj", "{7D139C44-FB6A-4FC2-8E44-2981F1A1EE74}"
EndProject
Project("{9A19103F-16F7-4668-BE54-9A1E7A4F7556}") = "Alten.Simulation", "Alten.Simulation\Alten.Simulation.csproj", "{3E27EBC5-DC66-41C0-AAE2-82A68D00723A}"
EndProject
Project("{9A19103F-16F7-4668-BE54-9A1E7A4F7556}") = "Alten.Simulation.Models", "Alten.Simulation.Models\Alten.Simulation.Models.csproj", "{82F64AA9-8F6C-4628-B980-2F67B224CFB8}"
EndProject
Project("{151D2E53-A2C4-4D7D-83FE-D05416EBD58E}") = "Alten.Customers.Deploy", "Alten.Customers.Deploy\Alten.Customers.Deploy.deployproj", "{614290B4-50F9-427B-95C9-0FD3E7B38FA8}"
EndProject
Project("{9A19103F-16F7-4668-BE54-9A1E7A4F7556}") = "Alten.Simulation.AzureWebJob", "Alten.Simulation.AzureWebJob\Alten.Simulation.AzureWebJob.csproj", "{71C2E6AE-20ED-4510-A8E1-B712AFE59B7A}"
EndProject
Project("{9A19103F-16F7-4668-BE54-9A1E7A4F7556}") = "Alten.Simulation.APIClient", "Alten.Simulation.APIClient\Alten.Simulation.APIClient.csproj", "{7F1F33AA-DE02-499A-BC4D-3F7724905BCA}"
EndProject
Project("{151D2E53-A2C4-4D7D-83FE-D05416EBD58E}") = "Alten.Simulation.Deploy", "Alten.Simulation.Deploy\Alten.Simulation.Deploy.deployproj", "{C7BFDC30-69FC-45E0-8E91-BBFD22394162}"
EndProject
Global
	GlobalSection(SolutionConfigurationPlatforms) = preSolution
		Debug|Any CPU = Debug|Any CPU
		Release|Any CPU = Release|Any CPU
	EndGlobalSection
	GlobalSection(ProjectConfigurationPlatforms) = postSolution
		{E76D39F2-4C50-444C-B09A-A8B073C0EFE7}.Debug|Any CPU.ActiveCfg = Debug|Any CPU
		{E76D39F2-4C50-444C-B09A-A8B073C0EFE7}.Debug|Any CPU.Build.0 = Debug|Any CPU
		{E76D39F2-4C50-444C-B09A-A8B073C0EFE7}.Release|Any CPU.ActiveCfg = Release|Any CPU
		{E76D39F2-4C50-444C-B09A-A8B073C0EFE7}.Release|Any CPU.Build.0 = Release|Any CPU
		{77D9B361-486D-4458-9E30-984B3D880571}.Debug|Any CPU.ActiveCfg = Debug|Any CPU
		{77D9B361-486D-4458-9E30-984B3D880571}.Debug|Any CPU.Build.0 = Debug|Any CPU
		{77D9B361-486D-4458-9E30-984B3D880571}.Release|Any CPU.ActiveCfg = Release|Any CPU
		{77D9B361-486D-4458-9E30-984B3D880571}.Release|Any CPU.Build.0 = Release|Any CPU
		{27D9BEF9-5340-41BC-8CD8-5DEDABC441C3}.Debug|Any CPU.ActiveCfg = Debug|Any CPU
		{27D9BEF9-5340-41BC-8CD8-5DEDABC441C3}.Debug|Any CPU.Build.0 = Debug|Any CPU
		{27D9BEF9-5340-41BC-8CD8-5DEDABC441C3}.Release|Any CPU.ActiveCfg = Release|Any CPU
		{27D9BEF9-5340-41BC-8CD8-5DEDABC441C3}.Release|Any CPU.Build.0 = Release|Any CPU
		{D8235D5D-0E9D-4CFD-9837-CF6028B15334}.Debug|Any CPU.ActiveCfg = Debug|Any CPU
		{D8235D5D-0E9D-4CFD-9837-CF6028B15334}.Debug|Any CPU.Build.0 = Debug|Any CPU
		{D8235D5D-0E9D-4CFD-9837-CF6028B15334}.Release|Any CPU.ActiveCfg = Release|Any CPU
		{D8235D5D-0E9D-4CFD-9837-CF6028B15334}.Release|Any CPU.Build.0 = Release|Any CPU
		{033B6DDD-623C-4E31-A69D-D60621552DF3}.Debug|Any CPU.ActiveCfg = Debug|Any CPU
		{033B6DDD-623C-4E31-A69D-D60621552DF3}.Debug|Any CPU.Build.0 = Debug|Any CPU
		{033B6DDD-623C-4E31-A69D-D60621552DF3}.Release|Any CPU.ActiveCfg = Release|Any CPU
		{033B6DDD-623C-4E31-A69D-D60621552DF3}.Release|Any CPU.Build.0 = Release|Any CPU
		{68CD8645-BB09-45BC-B29C-C5F22F97744B}.Debug|Any CPU.ActiveCfg = Debug|Any CPU
		{68CD8645-BB09-45BC-B29C-C5F22F97744B}.Debug|Any CPU.Build.0 = Debug|Any CPU
		{68CD8645-BB09-45BC-B29C-C5F22F97744B}.Release|Any CPU.ActiveCfg = Release|Any CPU
		{68CD8645-BB09-45BC-B29C-C5F22F97744B}.Release|Any CPU.Build.0 = Release|Any CPU
		{F658E017-1038-4375-8B44-573D3F0D9CA7}.Debug|Any CPU.ActiveCfg = Debug|Any CPU
		{F658E017-1038-4375-8B44-573D3F0D9CA7}.Debug|Any CPU.Build.0 = Debug|Any CPU
		{F658E017-1038-4375-8B44-573D3F0D9CA7}.Release|Any CPU.ActiveCfg = Release|Any CPU
		{F658E017-1038-4375-8B44-573D3F0D9CA7}.Release|Any CPU.Build.0 = Release|Any CPU
		{546E18D9-396E-48C6-9B3B-055CADA4B966}.Debug|Any CPU.ActiveCfg = Debug|Any CPU
		{546E18D9-396E-48C6-9B3B-055CADA4B966}.Debug|Any CPU.Build.0 = Debug|Any CPU
		{546E18D9-396E-48C6-9B3B-055CADA4B966}.Release|Any CPU.ActiveCfg = Release|Any CPU
		{546E18D9-396E-48C6-9B3B-055CADA4B966}.Release|Any CPU.Build.0 = Release|Any CPU
		{10799CFC-8A10-491F-A964-51D4A9B0C920}.Debug|Any CPU.ActiveCfg = Debug|Any CPU
		{10799CFC-8A10-491F-A964-51D4A9B0C920}.Debug|Any CPU.Build.0 = Debug|Any CPU
		{10799CFC-8A10-491F-A964-51D4A9B0C920}.Release|Any CPU.ActiveCfg = Release|Any CPU
		{10799CFC-8A10-491F-A964-51D4A9B0C920}.Release|Any CPU.Build.0 = Release|Any CPU
		{6CA9BB11-0E78-4C1C-8DE7-AFA58329DD75}.Debug|Any CPU.ActiveCfg = Debug|Any CPU
		{6CA9BB11-0E78-4C1C-8DE7-AFA58329DD75}.Debug|Any CPU.Build.0 = Debug|Any CPU
		{6CA9BB11-0E78-4C1C-8DE7-AFA58329DD75}.Release|Any CPU.ActiveCfg = Release|Any CPU
		{6CA9BB11-0E78-4C1C-8DE7-AFA58329DD75}.Release|Any CPU.Build.0 = Release|Any CPU
		{7D139C44-FB6A-4FC2-8E44-2981F1A1EE74}.Debug|Any CPU.ActiveCfg = Debug|Any CPU
		{7D139C44-FB6A-4FC2-8E44-2981F1A1EE74}.Debug|Any CPU.Build.0 = Debug|Any CPU
		{7D139C44-FB6A-4FC2-8E44-2981F1A1EE74}.Release|Any CPU.ActiveCfg = Release|Any CPU
		{7D139C44-FB6A-4FC2-8E44-2981F1A1EE74}.Release|Any CPU.Build.0 = Release|Any CPU
		{3E27EBC5-DC66-41C0-AAE2-82A68D00723A}.Debug|Any CPU.ActiveCfg = Debug|Any CPU
		{3E27EBC5-DC66-41C0-AAE2-82A68D00723A}.Debug|Any CPU.Build.0 = Debug|Any CPU
		{3E27EBC5-DC66-41C0-AAE2-82A68D00723A}.Release|Any CPU.ActiveCfg = Release|Any CPU
		{3E27EBC5-DC66-41C0-AAE2-82A68D00723A}.Release|Any CPU.Build.0 = Release|Any CPU
		{82F64AA9-8F6C-4628-B980-2F67B224CFB8}.Debug|Any CPU.ActiveCfg = Debug|Any CPU
		{82F64AA9-8F6C-4628-B980-2F67B224CFB8}.Debug|Any CPU.Build.0 = Debug|Any CPU
		{82F64AA9-8F6C-4628-B980-2F67B224CFB8}.Release|Any CPU.ActiveCfg = Release|Any CPU
		{82F64AA9-8F6C-4628-B980-2F67B224CFB8}.Release|Any CPU.Build.0 = Release|Any CPU
		{614290B4-50F9-427B-95C9-0FD3E7B38FA8}.Debug|Any CPU.ActiveCfg = Debug|Any CPU
		{614290B4-50F9-427B-95C9-0FD3E7B38FA8}.Debug|Any CPU.Build.0 = Debug|Any CPU
		{614290B4-50F9-427B-95C9-0FD3E7B38FA8}.Release|Any CPU.ActiveCfg = Release|Any CPU
		{614290B4-50F9-427B-95C9-0FD3E7B38FA8}.Release|Any CPU.Build.0 = Release|Any CPU
		{71C2E6AE-20ED-4510-A8E1-B712AFE59B7A}.Debug|Any CPU.ActiveCfg = Debug|Any CPU
		{71C2E6AE-20ED-4510-A8E1-B712AFE59B7A}.Debug|Any CPU.Build.0 = Debug|Any CPU
		{71C2E6AE-20ED-4510-A8E1-B712AFE59B7A}.Release|Any CPU.ActiveCfg = Release|Any CPU
		{71C2E6AE-20ED-4510-A8E1-B712AFE59B7A}.Release|Any CPU.Build.0 = Release|Any CPU
		{7F1F33AA-DE02-499A-BC4D-3F7724905BCA}.Debug|Any CPU.ActiveCfg = Debug|Any CPU
		{7F1F33AA-DE02-499A-BC4D-3F7724905BCA}.Debug|Any CPU.Build.0 = Debug|Any CPU
		{7F1F33AA-DE02-499A-BC4D-3F7724905BCA}.Release|Any CPU.ActiveCfg = Release|Any CPU
		{7F1F33AA-DE02-499A-BC4D-3F7724905BCA}.Release|Any CPU.Build.0 = Release|Any CPU
		{C7BFDC30-69FC-45E0-8E91-BBFD22394162}.Debug|Any CPU.ActiveCfg = Debug|Any CPU
		{C7BFDC30-69FC-45E0-8E91-BBFD22394162}.Debug|Any CPU.Build.0 = Debug|Any CPU
		{C7BFDC30-69FC-45E0-8E91-BBFD22394162}.Release|Any CPU.ActiveCfg = Release|Any CPU
		{C7BFDC30-69FC-45E0-8E91-BBFD22394162}.Release|Any CPU.Build.0 = Release|Any CPU
	EndGlobalSection
	GlobalSection(SolutionProperties) = preSolution
		HideSolutionNode = FALSE
	EndGlobalSection
	GlobalSection(NestedProjects) = preSolution
		{E76D39F2-4C50-444C-B09A-A8B073C0EFE7} = {4A724186-224D-4E05-91FF-86AABC2E4450}
		{77D9B361-486D-4458-9E30-984B3D880571} = {4A724186-224D-4E05-91FF-86AABC2E4450}
		{27D9BEF9-5340-41BC-8CD8-5DEDABC441C3} = {4A724186-224D-4E05-91FF-86AABC2E4450}
		{D8235D5D-0E9D-4CFD-9837-CF6028B15334} = {4A724186-224D-4E05-91FF-86AABC2E4450}
		{033B6DDD-623C-4E31-A69D-D60621552DF3} = {A7EEAA42-41E4-44FA-8B39-DA036B77ECE0}
		{68CD8645-BB09-45BC-B29C-C5F22F97744B} = {A7EEAA42-41E4-44FA-8B39-DA036B77ECE0}
		{F658E017-1038-4375-8B44-573D3F0D9CA7} = {A7EEAA42-41E4-44FA-8B39-DA036B77ECE0}
		{546E18D9-396E-48C6-9B3B-055CADA4B966} = {A7EEAA42-41E4-44FA-8B39-DA036B77ECE0}
		{10799CFC-8A10-491F-A964-51D4A9B0C920} = {77ECE1E3-B2EC-4ED2-8914-59E3ECA0050F}
		{6CA9BB11-0E78-4C1C-8DE7-AFA58329DD75} = {A7EEAA42-41E4-44FA-8B39-DA036B77ECE0}
		{7D139C44-FB6A-4FC2-8E44-2981F1A1EE74} = {77ECE1E3-B2EC-4ED2-8914-59E3ECA0050F}
		{3E27EBC5-DC66-41C0-AAE2-82A68D00723A} = {F7EA4F53-CDA1-44C3-A16C-8149CBCABF93}
		{82F64AA9-8F6C-4628-B980-2F67B224CFB8} = {F7EA4F53-CDA1-44C3-A16C-8149CBCABF93}
		{614290B4-50F9-427B-95C9-0FD3E7B38FA8} = {4A724186-224D-4E05-91FF-86AABC2E4450}
		{71C2E6AE-20ED-4510-A8E1-B712AFE59B7A} = {F7EA4F53-CDA1-44C3-A16C-8149CBCABF93}
		{7F1F33AA-DE02-499A-BC4D-3F7724905BCA} = {F7EA4F53-CDA1-44C3-A16C-8149CBCABF93}
		{C7BFDC30-69FC-45E0-8E91-BBFD22394162} = {F7EA4F53-CDA1-44C3-A16C-8149CBCABF93}
	EndGlobalSection
	GlobalSection(ExtensibilityGlobals) = postSolution
		SolutionGuid = {A1C78216-1B39-4358-9380-2F1F1BE40988}
	EndGlobalSection
EndGlobal
