
Microsoft Visual Studio Solution File, Format Version 12.00
# Visual Studio Version 16
VisualStudioVersion = 16.0.29411.108
MinimumVisualStudioVersion = 10.0.40219.1
Project("{9A19103F-16F7-4668-BE54-9A1E7A4F7556}") = "Alten.Simulation.AzureWebJob", "Alten.Simulation.AzureWebJob.csproj", "{CFB8AB59-79A1-44A3-B07B-C80BED9A97B2}"
EndProject
Global
	GlobalSection(SolutionConfigurationPlatforms) = preSolution
		Debug|Any CPU = Debug|Any CPU
		Release|Any CPU = Release|Any CPU
	EndGlobalSection
	GlobalSection(ProjectConfigurationPlatforms) = postSolution
		{CFB8AB59-79A1-44A3-B07B-C80BED9A97B2}.Debug|Any CPU.ActiveCfg = Debug|Any CPU
		{CFB8AB59-79A1-44A3-B07B-C80BED9A97B2}.Debug|Any CPU.Build.0 = Debug|Any CPU
		{CFB8AB59-79A1-44A3-B07B-C80BED9A97B2}.Release|Any CPU.ActiveCfg = Release|Any CPU
		{CFB8AB59-79A1-44A3-B07B-C80BED9A97B2}.Release|Any CPU.Build.0 = Release|Any CPU
	EndGlobalSection
	GlobalSection(SolutionProperties) = preSolution
		HideSolutionNode = FALSE
	EndGlobalSection
	GlobalSection(ExtensibilityGlobals) = postSolution
		SolutionGuid = {039F2909-2333-46BD-BEFD-39C1BA7F6BD5}
	EndGlobalSection
EndGlobal
